
Microsoft Visual Studio Solution File, Format Version 12.00
# Visual Studio Version 16
VisualStudioVersion = 16.0.30225.117
MinimumVisualStudioVersion = 10.0.40219.1
Project("{9A19103F-16F7-4668-BE54-9A1E7A4F7556}") = "Checkout.PaymentGateway.Api", "Checkout.PaymentGateway.Api\Checkout.PaymentGateway.Api.csproj", "{36FDE28B-F233-416E-9E71-2A0F7CA2ECDC}"
EndProject
Project("{E53339B2-1760-4266-BCC7-CA923CBCF16C}") = "docker-compose", "docker-compose.dcproj", "{D0B31578-0DFD-41DB-B1B8-067362D19B21}"
EndProject
Project("{9A19103F-16F7-4668-BE54-9A1E7A4F7556}") = "Checkout.PaymentGateway.Domain", "Checkout.PaymentGateway.Domain\Checkout.PaymentGateway.Domain.csproj", "{EC457745-34DE-458F-8EF1-D291B4C1F1A0}"
EndProject
Project("{9A19103F-16F7-4668-BE54-9A1E7A4F7556}") = "Checkout.PaymentGateway.Tests", "Checkout.PaymentGateway.Tests\Checkout.PaymentGateway.Tests.csproj", "{DC942E6F-0455-4723-A0A0-EFF28C53893B}"
EndProject
Project("{2150E333-8FDC-42A3-9474-1A3956D46DE8}") = "Shared", "Shared", "{AFA0ED7D-5B29-4949-9594-6801C840C5BA}"
EndProject
Project("{9A19103F-16F7-4668-BE54-9A1E7A4F7556}") = "Checkout.PaymentGateway.Extensions", "Checkout.PaymentGateway.Extensions\Checkout.PaymentGateway.Extensions.csproj", "{559D1F58-AF7A-4C40-BE15-63D7171B3370}"
EndProject
Project("{9A19103F-16F7-4668-BE54-9A1E7A4F7556}") = "Checkout.PaymentGateway.Attributes", "Checkout.PaymentGateway.Attributes\Checkout.PaymentGateway.Attributes.csproj", "{1D7F92B0-F882-4481-BDAF-F1B8937ABA19}"
EndProject
Project("{9A19103F-16F7-4668-BE54-9A1E7A4F7556}") = "Checkout.PaymentGateway.Infrastructure", "Checkout.PaymentGateway.Infrastructure\Checkout.PaymentGateway.Infrastructure.csproj", "{5665FBD8-76FA-4F6E-B6A5-BBD746ADCFB7}"
EndProject
Project("{2150E333-8FDC-42A3-9474-1A3956D46DE8}") = "Solution Items", "Solution Items", "{B4ED23FD-30D8-4EFE-B003-F249EBBD7E24}"
	ProjectSection(SolutionItems) = preProject
		.editorconfig = .editorconfig
	EndProjectSection
EndProject
Global
	GlobalSection(SolutionConfigurationPlatforms) = preSolution
		Debug|Any CPU = Debug|Any CPU
		Release|Any CPU = Release|Any CPU
	EndGlobalSection
	GlobalSection(ProjectConfigurationPlatforms) = postSolution
		{36FDE28B-F233-416E-9E71-2A0F7CA2ECDC}.Debug|Any CPU.ActiveCfg = Debug|Any CPU
		{36FDE28B-F233-416E-9E71-2A0F7CA2ECDC}.Debug|Any CPU.Build.0 = Debug|Any CPU
		{36FDE28B-F233-416E-9E71-2A0F7CA2ECDC}.Release|Any CPU.ActiveCfg = Release|Any CPU
		{36FDE28B-F233-416E-9E71-2A0F7CA2ECDC}.Release|Any CPU.Build.0 = Release|Any CPU
		{D0B31578-0DFD-41DB-B1B8-067362D19B21}.Debug|Any CPU.ActiveCfg = Debug|Any CPU
		{D0B31578-0DFD-41DB-B1B8-067362D19B21}.Debug|Any CPU.Build.0 = Debug|Any CPU
		{D0B31578-0DFD-41DB-B1B8-067362D19B21}.Release|Any CPU.ActiveCfg = Release|Any CPU
		{D0B31578-0DFD-41DB-B1B8-067362D19B21}.Release|Any CPU.Build.0 = Release|Any CPU
		{EC457745-34DE-458F-8EF1-D291B4C1F1A0}.Debug|Any CPU.ActiveCfg = Debug|Any CPU
		{EC457745-34DE-458F-8EF1-D291B4C1F1A0}.Debug|Any CPU.Build.0 = Debug|Any CPU
		{EC457745-34DE-458F-8EF1-D291B4C1F1A0}.Release|Any CPU.ActiveCfg = Release|Any CPU
		{EC457745-34DE-458F-8EF1-D291B4C1F1A0}.Release|Any CPU.Build.0 = Release|Any CPU
		{DC942E6F-0455-4723-A0A0-EFF28C53893B}.Debug|Any CPU.ActiveCfg = Debug|Any CPU
		{DC942E6F-0455-4723-A0A0-EFF28C53893B}.Debug|Any CPU.Build.0 = Debug|Any CPU
		{DC942E6F-0455-4723-A0A0-EFF28C53893B}.Release|Any CPU.ActiveCfg = Release|Any CPU
		{DC942E6F-0455-4723-A0A0-EFF28C53893B}.Release|Any CPU.Build.0 = Release|Any CPU
		{559D1F58-AF7A-4C40-BE15-63D7171B3370}.Debug|Any CPU.ActiveCfg = Debug|Any CPU
		{559D1F58-AF7A-4C40-BE15-63D7171B3370}.Debug|Any CPU.Build.0 = Debug|Any CPU
		{559D1F58-AF7A-4C40-BE15-63D7171B3370}.Release|Any CPU.ActiveCfg = Release|Any CPU
		{559D1F58-AF7A-4C40-BE15-63D7171B3370}.Release|Any CPU.Build.0 = Release|Any CPU
		{1D7F92B0-F882-4481-BDAF-F1B8937ABA19}.Debug|Any CPU.ActiveCfg = Debug|Any CPU
		{1D7F92B0-F882-4481-BDAF-F1B8937ABA19}.Debug|Any CPU.Build.0 = Debug|Any CPU
		{1D7F92B0-F882-4481-BDAF-F1B8937ABA19}.Release|Any CPU.ActiveCfg = Release|Any CPU
		{1D7F92B0-F882-4481-BDAF-F1B8937ABA19}.Release|Any CPU.Build.0 = Release|Any CPU
		{5665FBD8-76FA-4F6E-B6A5-BBD746ADCFB7}.Debug|Any CPU.ActiveCfg = Debug|Any CPU
		{5665FBD8-76FA-4F6E-B6A5-BBD746ADCFB7}.Debug|Any CPU.Build.0 = Debug|Any CPU
		{5665FBD8-76FA-4F6E-B6A5-BBD746ADCFB7}.Release|Any CPU.ActiveCfg = Release|Any CPU
		{5665FBD8-76FA-4F6E-B6A5-BBD746ADCFB7}.Release|Any CPU.Build.0 = Release|Any CPU
	EndGlobalSection
	GlobalSection(SolutionProperties) = preSolution
		HideSolutionNode = FALSE
	EndGlobalSection
	GlobalSection(NestedProjects) = preSolution
		{559D1F58-AF7A-4C40-BE15-63D7171B3370} = {AFA0ED7D-5B29-4949-9594-6801C840C5BA}
		{1D7F92B0-F882-4481-BDAF-F1B8937ABA19} = {AFA0ED7D-5B29-4949-9594-6801C840C5BA}
	EndGlobalSection
	GlobalSection(ExtensibilityGlobals) = postSolution
		SolutionGuid = {E6DBF306-BE3B-48DE-B7FB-01E5556D7406}
	EndGlobalSection
EndGlobal
